{
  "requires": true,
  "lockfileVersion": 1,
  "dependencies": {
    "jmgraph": {
      "version": "3.0.4",
      "resolved": "https://registry.npmjs.org/jmgraph/-/jmgraph-3.0.4.tgz",
      "integrity": "sha512-O2HOWOaVYxfbfiQi8sn1vYvWvSUsvFC5Nsb5jT3H0kW32TQQkA5nExxylmWq31RfCNz+xKfBrZMA21FyqF1mHw=="
    }
  }
}
